{
  "name": "dispatch-topology",
  "version": "0.1.0",
  "lockfileVersion": 1,
  "requires": true,
  "dependencies": {
    "@patternfly/patternfly": {
      "version": "4.35.2",
      "resolved": "https://registry.npmjs.org/@patternfly/patternfly/-/patternfly-4.35.2.tgz",
      "integrity": "sha512-gOebIesqY28/ngVz0k/k0szca247002x+x+GBfCNgbnOXoiEfqYViI5C7YuHB8iNVuvf/YwBdfj65k/h6FMB3w=="
    },
    "angular": {
      "version": "1.8.0",
      "resolved": "https://registry.npmjs.org/angular/-/angular-1.8.0.tgz",
      "integrity": "sha512-VdaMx+Qk0Skla7B5gw77a8hzlcOakwF8mjlW13DpIWIDlfqwAbSSLfd8N/qZnzEmQF4jC4iofInd3gE7vL8ZZg=="
    },
    "angular-animate": {
      "version": "1.8.0",
      "resolved": "https://registry.npmjs.org/angular-animate/-/angular-animate-1.8.0.tgz",
      "integrity": "sha512-ROFK3UIn1MSVpqAlay15ZxjPmVbvwaO3Zn/2vhmQdYeqxSbUVuOckcvtDLBpHPGPtOAreu35qfV7NQ7u2EgDcA=="
    },
    "angular-resource": {
      "version": "1.8.0",
      "resolved": "https://registry.npmjs.org/angular-resource/-/angular-resource-1.8.0.tgz",
      "integrity": "sha512-9woUq3kDwoT7R6SjKX8vaJMhOplYBm9sqRAxKgDhDIdPyA8iBowqQIusf9+8Q+z/HlXb8ZXvKspJyKXrxmKdvg=="
    },
    "angular-sanitize": {
      "version": "1.8.0",
      "resolved": "https://registry.npmjs.org/angular-sanitize/-/angular-sanitize-1.8.0.tgz",
      "integrity": "sha512-j5GiOPCvfcDWK5svEOVoPb11X3UDVy/mdHPRWuy14Iyw86xaq+Bb+x/em2sAOa5MQQeY5ciLXbF3RRp8iCKcNg=="
    },
    "angular-ui-bootstrap": {
      "version": "2.5.6",
      "resolved": "https://registry.npmjs.org/angular-ui-bootstrap/-/angular-ui-bootstrap-2.5.6.tgz",
      "integrity": "sha512-yzcHpPMLQl0232nDzm5P4iAFTFQ9dMw0QgFLuKYbDj9M0xJ62z0oudYD/Lvh1pWfRsukiytP4Xj6BHOSrSXP8A=="
    },
    "d3": {
      "version": "3.5.17",
      "resolved": "https://registry.npmjs.org/d3/-/d3-3.5.17.tgz",
      "integrity": "sha1-vEZ0gAQ3iyGjYMn8fPUjF5B2L7g="
    },
    "font-awesome": {
      "version": "4.7.0",
      "resolved": "https://registry.npmjs.org/font-awesome/-/font-awesome-4.7.0.tgz",
      "integrity": "sha1-j6jPBBGhoxr9B7BtKQK7n8gVoTM="
    },
    "html5shiv": {
      "version": "3.7.3",
      "resolved": "https://registry.npmjs.org/html5shiv/-/html5shiv-3.7.3.tgz",
      "integrity": "sha1-14qEo2e8uacQEA1XgCw4ewhGMdI="
    },
    "jquery": {
      "version": "3.5.1",
      "resolved": "https://registry.npmjs.org/jquery/-/jquery-3.5.1.tgz",
      "integrity": "sha512-XwIBPqcMn57FxfT+Go5pzySnm4KWkT1Tv7gjrpT1srtf8Weynl6R273VJ5GjkRb51IzMp5nbaPjJXMWeju2MKg=="
    },
    "jquery-ui-dist": {
      "version": "1.12.1",
      "resolved": "https://registry.npmjs.org/jquery-ui-dist/-/jquery-ui-dist-1.12.1.tgz",
      "integrity": "sha1-XAgV08xvkP9fqvWyaKbiO0ypBPo="
    },
    "jquery-ui-themes": {
      "version": "1.12.0",
      "resolved": "https://registry.npmjs.org/jquery-ui-themes/-/jquery-ui-themes-1.12.0.tgz",
      "integrity": "sha1-pXugrZaADYRSL+dok//L3mcIHVE="
    },
    "notifyjs-browser": {
      "version": "0.4.2",
      "resolved": "https://registry.npmjs.org/notifyjs-browser/-/notifyjs-browser-0.4.2.tgz",
      "integrity": "sha1-SDe13ADLo2fTDAtRRy7ToIKlUDM="
    }
  }
}
